
Microsoft Visual Studio Solution File, Format Version 12.00
# Visual Studio Version 17
VisualStudioVersion = 17.2.32602.215
MinimumVisualStudioVersion = 10.0.40219.1
Project("{9A19103F-16F7-4668-BE54-9A1E7A4F7556}") = "CV_Project", "CV_Project\CV_Project.csproj", "{A631942E-70F8-415D-AFC9-B4819572E5DD}"
EndProject
Global
	GlobalSection(SolutionConfigurationPlatforms) = preSolution
		Debug|Any CPU = Debug|Any CPU
		Release|Any CPU = Release|Any CPU
	EndGlobalSection
	GlobalSection(ProjectConfigurationPlatforms) = postSolution
		{A631942E-70F8-415D-AFC9-B4819572E5DD}.Debug|Any CPU.ActiveCfg = Debug|Any CPU
		{A631942E-70F8-415D-AFC9-B4819572E5DD}.Debug|Any CPU.Build.0 = Debug|Any CPU
		{A631942E-70F8-415D-AFC9-B4819572E5DD}.Release|Any CPU.ActiveCfg = Release|Any CPU
		{A631942E-70F8-415D-AFC9-B4819572E5DD}.Release|Any CPU.Build.0 = Release|Any CPU
	EndGlobalSection
	GlobalSection(SolutionProperties) = preSolution
		HideSolutionNode = FALSE
	EndGlobalSection
	GlobalSection(ExtensibilityGlobals) = postSolution
		SolutionGuid = {05B550FE-BB3B-4445-B71A-5675C48BB080}
	EndGlobalSection
EndGlobal
